
Microsoft Visual Studio Solution File, Format Version 12.00
# Visual Studio 15
Project("{FAE04EC0-301F-11D3-BF4B-00C04F79EFBC}") = "Unity.Timeline", "Unity.Timeline.csproj", "{C72C20A7-0AC5-F7E6-FCC4-749258C74289}"
EndProject
Project("{FAE04EC0-301F-11D3-BF4B-00C04F79EFBC}") = "Unity.PlasticSCM.Editor", "Unity.PlasticSCM.Editor.csproj", "{1E9C21D9-8843-6E1E-B1BC-80948DF8A6DA}"
EndProject
Project("{FAE04EC0-301F-11D3-BF4B-00C04F79EFBC}") = "Unity.2D.Aseprite.Editor", "Unity.2D.Aseprite.Editor.csproj", "{244AC146-8F6A-D3C7-F540-50B15FA02291}"
EndProject
Project("{FAE04EC0-301F-11D3-BF4B-00C04F79EFBC}") = "Unity.Services.Core.Internal", "Unity.Services.Core.Internal.csproj", "{55A6EBB1-409E-B118-755F-F7D268E49C33}"
EndProject
Project("{FAE04EC0-301F-11D3-BF4B-00C04F79EFBC}") = "Unity.Purchasing", "Unity.Purchasing.csproj", "{273A353B-62FE-3EAE-61D8-F0C421956B6A}"
EndProject
Project("{FAE04EC0-301F-11D3-BF4B-00C04F79EFBC}") = "Assembly-CSharp", "Assembly-CSharp.csproj", "{DC6F4722-85C6-EB83-09A1-874E7EFE4564}"
EndProject
Project("{FAE04EC0-301F-11D3-BF4B-00C04F79EFBC}") = "Unity.Timeline.Editor", "Unity.Timeline.Editor.csproj", "{992C5655-5405-378E-0B07-C7705713FA7B}"
EndProject
Project("{FAE04EC0-301F-11D3-BF4B-00C04F79EFBC}") = "Unity.ScriptableBuildPipeline.Editor", "Unity.ScriptableBuildPipeline.Editor.csproj", "{B1BDC8D3-3783-5453-E5B6-D62AAE767CDB}"
EndProject
Project("{FAE04EC0-301F-11D3-BF4B-00C04F79EFBC}") = "Unity.Purchasing.Stores", "Unity.Purchasing.Stores.csproj", "{6AC760B5-43CE-5B94-2F7C-62AAB7C75DD0}"
EndProject
Project("{FAE04EC0-301F-11D3-BF4B-00C04F79EFBC}") = "Unity.Mathematics", "Unity.Mathematics.csproj", "{6771093E-8CB8-2AF6-6861-8F4E542CD58D}"
EndProject
Project("{FAE04EC0-301F-11D3-BF4B-00C04F79EFBC}") = "UnityEditor.Purchasing", "UnityEditor.Purchasing.csproj", "{5F0F2F94-D80C-2E82-04E2-2CD9B3F31788}"
EndProject
Project("{FAE04EC0-301F-11D3-BF4B-00C04F79EFBC}") = "Unity.2D.Common.Path.Editor", "Unity.2D.Common.Path.Editor.csproj", "{9DDD26F2-61F8-7BF4-1AEF-20618BB67250}"
EndProject
Project("{FAE04EC0-301F-11D3-BF4B-00C04F79EFBC}") = "Unity.Addressables.Editor", "Unity.Addressables.Editor.csproj", "{74C26492-26A9-CA9E-7573-99BE2B614E58}"
EndProject
Project("{FAE04EC0-301F-11D3-BF4B-00C04F79EFBC}") = "Unity.2D.Psdimporter.Editor", "Unity.2D.Psdimporter.Editor.csproj", "{B2D5A1AB-1734-910B-BA71-59254209F2C0}"
EndProject
Project("{FAE04EC0-301F-11D3-BF4B-00C04F79EFBC}") = "Unity.2D.IK.Runtime", "Unity.2D.IK.Runtime.csproj", "{D06AE0B7-AC38-DB51-B996-45F5DB90CD07}"
EndProject
Project("{FAE04EC0-301F-11D3-BF4B-00C04F79EFBC}") = "UnityEditor.TestRunner", "UnityEditor.TestRunner.csproj", "{1CCF3D5E-1BE6-7CD4-9F8D-9A051F1A8D1F}"
EndProject
Project("{FAE04EC0-301F-11D3-BF4B-00C04F79EFBC}") = "Unity.TextMeshPro.Editor", "Unity.TextMeshPro.Editor.csproj", "{24D43E1A-4F86-7BA4-1FD4-94360506A39C}"
EndProject
Project("{FAE04EC0-301F-11D3-BF4B-00C04F79EFBC}") = "UnityEngine.TestRunner", "UnityEngine.TestRunner.csproj", "{BDF0C21C-AC47-E6BC-D223-9C4F21F6AB5E}"
EndProject
Project("{FAE04EC0-301F-11D3-BF4B-00C04F79EFBC}") = "Unity.Searcher.Editor", "Unity.Searcher.Editor.csproj", "{3DD7E154-7F55-B747-2163-59375CB6644A}"
EndProject
Project("{FAE04EC0-301F-11D3-BF4B-00C04F79EFBC}") = "Unity.Burst", "Unity.Burst.csproj", "{1B22036F-5999-4D25-3151-C43379BFFC70}"
EndProject
Project("{FAE04EC0-301F-11D3-BF4B-00C04F79EFBC}") = "Unity.Services.Core.Environments.Editor", "Unity.Services.Core.Environments.Editor.csproj", "{E821AB3A-1873-BC01-EABD-067762767D50}"
EndProject
Project("{FAE04EC0-301F-11D3-BF4B-00C04F79EFBC}") = "PsdPlugin", "PsdPlugin.csproj", "{1ECC2075-6CAB-ADAD-BCC7-9C39CB13C25E}"
EndProject
Project("{FAE04EC0-301F-11D3-BF4B-00C04F79EFBC}") = "Unity.AI.Navigation.Editor", "Unity.AI.Navigation.Editor.csproj", "{DD51318F-07F5-1769-64EE-434091E243BB}"
EndProject
Project("{FAE04EC0-301F-11D3-BF4B-00C04F79EFBC}") = "Unity.Collections", "Unity.Collections.csproj", "{C94EB205-5060-D198-166D-3DBBC914C9FD}"
EndProject
Project("{FAE04EC0-301F-11D3-BF4B-00C04F79EFBC}") = "Unity.2D.Animation.Editor", "Unity.2D.Animation.Editor.csproj", "{59317A9D-F704-4091-B212-8174FBA4EE08}"
EndProject
Project("{FAE04EC0-301F-11D3-BF4B-00C04F79EFBC}") = "Unity.2D.SpriteShape.Editor", "Unity.2D.SpriteShape.Editor.csproj", "{054B7BF3-F9DD-7D67-8EA5-533148DCE9B8}"
EndProject
Project("{FAE04EC0-301F-11D3-BF4B-00C04F79EFBC}") = "Unity.VisualStudio.Editor", "Unity.VisualStudio.Editor.csproj", "{B4E3E9C5-D335-3017-57FB-CD64B4BC6FC8}"
EndProject
Project("{FAE04EC0-301F-11D3-BF4B-00C04F79EFBC}") = "IAPResolver", "IAPResolver.csproj", "{9ABBB3D8-1EFE-9CE8-656E-0124E21F3A9D}"
EndProject
Project("{FAE04EC0-301F-11D3-BF4B-00C04F79EFBC}") = "Unity.Rider.Editor", "Unity.Rider.Editor.csproj", "{259F8863-1D57-943C-7FDD-3818F3016B0E}"
EndProject
Project("{FAE04EC0-301F-11D3-BF4B-00C04F79EFBC}") = "Unity.InternalAPIEditorBridge.001", "Unity.InternalAPIEditorBridge.001.csproj", "{12DEA937-7FA1-E39A-D94E-EB7BBE6424FC}"
EndProject
Project("{FAE04EC0-301F-11D3-BF4B-00C04F79EFBC}") = "Unity.ResourceManager", "Unity.ResourceManager.csproj", "{3013DFBF-81CC-9619-0CB1-FCDAD0443509}"
EndProject
Project("{FAE04EC0-301F-11D3-BF4B-00C04F79EFBC}") = "Unity.2D.SpriteShape.Runtime", "Unity.2D.SpriteShape.Runtime.csproj", "{21AE3206-BCE4-EBC7-2B32-B216AA80639A}"
EndProject
Project("{FAE04EC0-301F-11D3-BF4B-00C04F79EFBC}") = "Unity.Addressables.Editor.Tests.DocExampleCode", "Unity.Addressables.Editor.Tests.DocExampleCode.csproj", "{1F8905F5-FB11-547E-5AEC-9928E8668F81}"
EndProject
Project("{FAE04EC0-301F-11D3-BF4B-00C04F79EFBC}") = "Unity.CollabProxy.Editor", "Unity.CollabProxy.Editor.csproj", "{31880F9B-9B6B-AD36-F6DC-31C3C2FABA2E}"
EndProject
Project("{FAE04EC0-301F-11D3-BF4B-00C04F79EFBC}") = "Unity.Services.Core.Configuration", "Unity.Services.Core.Configuration.csproj", "{B9046F97-7A3F-6150-EADA-A2BF21DEADCE}"
EndProject
Project("{FAE04EC0-301F-11D3-BF4B-00C04F79EFBC}") = "Unity.Addressables", "Unity.Addressables.csproj", "{C7DCB677-1EB0-875E-D4CE-8B513094D959}"
EndProject
Project("{FAE04EC0-301F-11D3-BF4B-00C04F79EFBC}") = "Unity.AI.Navigation.Editor.ConversionSystem", "Unity.AI.Navigation.Editor.ConversionSystem.csproj", "{DC831229-26F1-4E27-8479-76D13FB21BAF}"
EndProject
Project("{FAE04EC0-301F-11D3-BF4B-00C04F79EFBC}") = "Unity.Services.Core.Editor", "Unity.Services.Core.Editor.csproj", "{5E47CAD6-D72B-495A-CF58-1CF57F007E6A}"
EndProject
Project("{FAE04EC0-301F-11D3-BF4B-00C04F79EFBC}") = "Unity.Burst.CodeGen", "Unity.Burst.CodeGen.csproj", "{8A89430E-B38B-E662-D26A-5638A54DFE4D}"
EndProject
Project("{FAE04EC0-301F-11D3-BF4B-00C04F79EFBC}") = "Unity.Services.Core.Configuration.Editor", "Unity.Services.Core.Configuration.Editor.csproj", "{EBDCE2C2-FECD-E00E-1A66-4FA81FBBCA1C}"
EndProject
Project("{FAE04EC0-301F-11D3-BF4B-00C04F79EFBC}") = "Unity.Postprocessing.Runtime", "Unity.Postprocessing.Runtime.csproj", "{AA20D6E0-1BB7-05E2-5CDD-C7B56B16EAC9}"
EndProject
Project("{FAE04EC0-301F-11D3-BF4B-00C04F79EFBC}") = "Unity.Services.Core", "Unity.Services.Core.csproj", "{46AB4B1A-F509-6B03-E45C-D693B17E6647}"
EndProject
Project("{FAE04EC0-301F-11D3-BF4B-00C04F79EFBC}") = "Unity.Postprocessing.Editor", "Unity.Postprocessing.Editor.csproj", "{EDFB1B37-7AE6-35D9-456B-14248554BA96}"
EndProject
Project("{FAE04EC0-301F-11D3-BF4B-00C04F79EFBC}") = "Unity.AI.Navigation", "Unity.AI.Navigation.csproj", "{A2507A40-DC74-6E97-4AA4-3A10781AC840}"
EndProject
Project("{FAE04EC0-301F-11D3-BF4B-00C04F79EFBC}") = "Unity.Purchasing.Utilities", "Unity.Purchasing.Utilities.csproj", "{6B718337-5F03-0C28-4E67-492C09835743}"
EndProject
Project("{FAE04EC0-301F-11D3-BF4B-00C04F79EFBC}") = "Unity.TextMeshPro", "Unity.TextMeshPro.csproj", "{16DFA40A-EA74-7EB8-74E2-086D122784F7}"
EndProject
Project("{FAE04EC0-301F-11D3-BF4B-00C04F79EFBC}") = "Unity.2D.Tilemap.Extras.Editor", "Unity.2D.Tilemap.Extras.Editor.csproj", "{A40C5C61-9CC1-B91C-4F6A-0FE2F99BA1A0}"
EndProject
Project("{FAE04EC0-301F-11D3-BF4B-00C04F79EFBC}") = "Unity.2D.Animation.Runtime", "Unity.2D.Animation.Runtime.csproj", "{ACC72DF0-9D4D-D821-D480-78C2835F444D}"
EndProject
Project("{FAE04EC0-301F-11D3-BF4B-00C04F79EFBC}") = "Unity.VSCode.Editor", "Unity.VSCode.Editor.csproj", "{5BCF0175-2B3C-6952-B67A-9C0846A4985A}"
EndProject
Project("{FAE04EC0-301F-11D3-BF4B-00C04F79EFBC}") = "Unity.2D.IK.Editor", "Unity.2D.IK.Editor.csproj", "{9655F779-DA35-1018-30CE-11315EFF04BF}"
EndProject
Project("{FAE04EC0-301F-11D3-BF4B-00C04F79EFBC}") = "Unity.InternalAPIEngineBridge.001", "Unity.InternalAPIEngineBridge.001.csproj", "{77181D06-A168-AFD2-8336-C13AB35349C6}"
EndProject
Project("{FAE04EC0-301F-11D3-BF4B-00C04F79EFBC}") = "Unity.2D.Aseprite.Common", "Unity.2D.Aseprite.Common.csproj", "{40D3680F-476C-3D76-16B0-ED0DB4EC00F1}"
EndProject
Project("{FAE04EC0-301F-11D3-BF4B-00C04F79EFBC}") = "Unity.Burst.Editor", "Unity.Burst.Editor.csproj", "{11248A9F-9233-B0FD-BE12-76F1814261E8}"
EndProject
Project("{FAE04EC0-301F-11D3-BF4B-00C04F79EFBC}") = "Unity.2D.Common.Editor", "Unity.2D.Common.Editor.csproj", "{EF5372A5-FE66-87E1-72F1-BD87F7ACA095}"
EndProject
Project("{FAE04EC0-301F-11D3-BF4B-00C04F79EFBC}") = "Unity.Purchasing.AppleMacosStub", "Unity.Purchasing.AppleMacosStub.csproj", "{E7D92809-0BB0-7376-D079-2BF00A38D74B}"
EndProject
Project("{FAE04EC0-301F-11D3-BF4B-00C04F79EFBC}") = "Unity.AI.Navigation.Updater", "Unity.AI.Navigation.Updater.csproj", "{34C0B1A0-50C8-2C50-BDC0-6B773DEB236F}"
EndProject
Project("{FAE04EC0-301F-11D3-BF4B-00C04F79EFBC}") = "Assembly-CSharp-firstpass", "Assembly-CSharp-firstpass.csproj", "{AC8F2CAA-E481-9E13-1B30-D5E46446DF98}"
EndProject
Project("{FAE04EC0-301F-11D3-BF4B-00C04F79EFBC}") = "Unity.Purchasing.Codeless", "Unity.Purchasing.Codeless.csproj", "{5A7433F0-18A3-2F22-61D9-A5FE7A80E12C}"
EndProject
Project("{FAE04EC0-301F-11D3-BF4B-00C04F79EFBC}") = "GoogleMobileAds.Editor", "GoogleMobileAds.Editor.csproj", "{3CD499E8-0AD5-BD4E-715C-EFF04110CF53}"
EndProject
Project("{FAE04EC0-301F-11D3-BF4B-00C04F79EFBC}") = "Unity.2D.PixelPerfect", "Unity.2D.PixelPerfect.csproj", "{CBB1D99C-D386-BA01-0B27-2E045798B65A}"
EndProject
Project("{FAE04EC0-301F-11D3-BF4B-00C04F79EFBC}") = "Unity.2D.PixelPerfect.Editor", "Unity.2D.PixelPerfect.Editor.csproj", "{E6316BCF-B300-9778-895C-088601DD6CCA}"
EndProject
Project("{FAE04EC0-301F-11D3-BF4B-00C04F79EFBC}") = "Unity.2D.Common.Runtime", "Unity.2D.Common.Runtime.csproj", "{19A850B5-6901-024D-F96F-8AC1F4D8253F}"
EndProject
Project("{FAE04EC0-301F-11D3-BF4B-00C04F79EFBC}") = "Assembly-CSharp-Editor", "Assembly-CSharp-Editor.csproj", "{D36C601F-F325-8531-522C-64807046A9E2}"
EndProject
Project("{FAE04EC0-301F-11D3-BF4B-00C04F79EFBC}") = "Unity.Services.Core.Analytics", "Unity.Services.Core.Analytics.csproj", "{44C31CC8-3C62-54D8-5F63-F9F30D76343B}"
EndProject
Project("{FAE04EC0-301F-11D3-BF4B-00C04F79EFBC}") = "Unity.Purchasing.SecurityCore", "Unity.Purchasing.SecurityCore.csproj", "{9C25ACB6-B28E-0703-A65E-9B8F38F3035C}"
EndProject
Project("{FAE04EC0-301F-11D3-BF4B-00C04F79EFBC}") = "Unity.Services.Core.Environments.Internal", "Unity.Services.Core.Environments.Internal.csproj", "{2E087FDF-4B75-65EC-60D6-7BCB860DB646}"
EndProject
Project("{FAE04EC0-301F-11D3-BF4B-00C04F79EFBC}") = "Unity.Services.Core.Networking", "Unity.Services.Core.Networking.csproj", "{B5962F39-6D2C-7433-D084-43AF467C8D6E}"
EndProject
Project("{FAE04EC0-301F-11D3-BF4B-00C04F79EFBC}") = "Unity.Services.Core.Scheduler", "Unity.Services.Core.Scheduler.csproj", "{06FCBAE1-C45A-9B39-8988-A4882ADE74B0}"
EndProject
Project("{FAE04EC0-301F-11D3-BF4B-00C04F79EFBC}") = "Unity.Mathematics.Editor", "Unity.Mathematics.Editor.csproj", "{AAA2A43F-2D9C-891A-1573-82E3C8E8B117}"
EndProject
Project("{FAE04EC0-301F-11D3-BF4B-00C04F79EFBC}") = "Unity.Services.Core.Telemetry", "Unity.Services.Core.Telemetry.csproj", "{FEC877B4-2186-C033-F668-081C959D5F7F}"
EndProject
Project("{FAE04EC0-301F-11D3-BF4B-00C04F79EFBC}") = "Unity.2D.Tilemap.Extras", "Unity.2D.Tilemap.Extras.csproj", "{871E17B6-409C-5731-26CC-689EF15C4E68}"
EndProject
Project("{FAE04EC0-301F-11D3-BF4B-00C04F79EFBC}") = "Unity.Services.Core.Components", "Unity.Services.Core.Components.csproj", "{B33D3568-A4B1-DDA8-F913-D5223EE38652}"
EndProject
Project("{FAE04EC0-301F-11D3-BF4B-00C04F79EFBC}") = "Unity.Services.Core.Threading", "Unity.Services.Core.Threading.csproj", "{E7092C88-F563-4C43-DDE2-F9EB58789DC3}"
EndProject
Project("{FAE04EC0-301F-11D3-BF4B-00C04F79EFBC}") = "Unity.Services.Core.Device", "Unity.Services.Core.Device.csproj", "{B4758273-5381-1EF2-A27D-E4E9D5DDC189}"
EndProject
Project("{FAE04EC0-301F-11D3-BF4B-00C04F79EFBC}") = "Unity.Purchasing.AppleStub", "Unity.Purchasing.AppleStub.csproj", "{6B128077-2650-C6E1-ED0D-1607AEE200A5}"
EndProject
Project("{FAE04EC0-301F-11D3-BF4B-00C04F79EFBC}") = "Unity.ScriptableBuildPipeline", "Unity.ScriptableBuildPipeline.csproj", "{EF7371FB-39D2-4BEB-25BB-17B89AF3BA9D}"
EndProject
Project("{FAE04EC0-301F-11D3-BF4B-00C04F79EFBC}") = "Unity.Collections.DocCodeSamples", "Unity.Collections.DocCodeSamples.csproj", "{37F8B426-8B36-1796-8C17-DFD6E87C6F27}"
EndProject
Project("{FAE04EC0-301F-11D3-BF4B-00C04F79EFBC}") = "Unity.Purchasing.SecurityStub", "Unity.Purchasing.SecurityStub.csproj", "{8EBFF121-E0E9-A257-5BEC-DF7827C2D53A}"
EndProject
Project("{FAE04EC0-301F-11D3-BF4B-00C04F79EFBC}") = "Unity.Services.Core.Registration", "Unity.Services.Core.Registration.csproj", "{EFA66BFD-220E-3559-7B25-B3B7F4F97D62}"
EndProject
Project("{FAE04EC0-301F-11D3-BF4B-00C04F79EFBC}") = "Unity.Services.Core.Environments", "Unity.Services.Core.Environments.csproj", "{879FDBD5-7FEA-25C2-8768-92B393C8B4A5}"
EndProject
Project("{FAE04EC0-301F-11D3-BF4B-00C04F79EFBC}") = "Unity.Collections.BurstCompatibilityGen", "Unity.Collections.BurstCompatibilityGen.csproj", "{BD12DF78-4066-A8F7-EDA8-3843919B3AFC}"
EndProject
Global
	GlobalSection(SolutionConfigurationPlatforms) = preSolution
		Debug|Any CPU = Debug|Any CPU
		Release|Any CPU = Release|Any CPU
	EndGlobalSection
	GlobalSection(ProjectConfigurationPlatforms) = postSolution
		{C72C20A7-0AC5-F7E6-FCC4-749258C74289}.Debug|Any CPU.ActiveCfg = Debug|Any CPU
		{C72C20A7-0AC5-F7E6-FCC4-749258C74289}.Debug|Any CPU.Build.0 = Debug|Any CPU
		{C72C20A7-0AC5-F7E6-FCC4-749258C74289}.Release|Any CPU.ActiveCfg = Release|Any CPU
		{C72C20A7-0AC5-F7E6-FCC4-749258C74289}.Release|Any CPU.Build.0 = Release|Any CPU
		{1E9C21D9-8843-6E1E-B1BC-80948DF8A6DA}.Debug|Any CPU.ActiveCfg = Debug|Any CPU
		{1E9C21D9-8843-6E1E-B1BC-80948DF8A6DA}.Debug|Any CPU.Build.0 = Debug|Any CPU
		{1E9C21D9-8843-6E1E-B1BC-80948DF8A6DA}.Release|Any CPU.ActiveCfg = Release|Any CPU
		{1E9C21D9-8843-6E1E-B1BC-80948DF8A6DA}.Release|Any CPU.Build.0 = Release|Any CPU
		{244AC146-8F6A-D3C7-F540-50B15FA02291}.Debug|Any CPU.ActiveCfg = Debug|Any CPU
		{244AC146-8F6A-D3C7-F540-50B15FA02291}.Debug|Any CPU.Build.0 = Debug|Any CPU
		{244AC146-8F6A-D3C7-F540-50B15FA02291}.Release|Any CPU.ActiveCfg = Release|Any CPU
		{244AC146-8F6A-D3C7-F540-50B15FA02291}.Release|Any CPU.Build.0 = Release|Any CPU
		{55A6EBB1-409E-B118-755F-F7D268E49C33}.Debug|Any CPU.ActiveCfg = Debug|Any CPU
		{55A6EBB1-409E-B118-755F-F7D268E49C33}.Debug|Any CPU.Build.0 = Debug|Any CPU
		{55A6EBB1-409E-B118-755F-F7D268E49C33}.Release|Any CPU.ActiveCfg = Release|Any CPU
		{55A6EBB1-409E-B118-755F-F7D268E49C33}.Release|Any CPU.Build.0 = Release|Any CPU
		{273A353B-62FE-3EAE-61D8-F0C421956B6A}.Debug|Any CPU.ActiveCfg = Debug|Any CPU
		{273A353B-62FE-3EAE-61D8-F0C421956B6A}.Debug|Any CPU.Build.0 = Debug|Any CPU
		{273A353B-62FE-3EAE-61D8-F0C421956B6A}.Release|Any CPU.ActiveCfg = Release|Any CPU
		{273A353B-62FE-3EAE-61D8-F0C421956B6A}.Release|Any CPU.Build.0 = Release|Any CPU
		{DC6F4722-85C6-EB83-09A1-874E7EFE4564}.Debug|Any CPU.ActiveCfg = Debug|Any CPU
		{DC6F4722-85C6-EB83-09A1-874E7EFE4564}.Debug|Any CPU.Build.0 = Debug|Any CPU
		{DC6F4722-85C6-EB83-09A1-874E7EFE4564}.Release|Any CPU.ActiveCfg = Release|Any CPU
		{DC6F4722-85C6-EB83-09A1-874E7EFE4564}.Release|Any CPU.Build.0 = Release|Any CPU
		{992C5655-5405-378E-0B07-C7705713FA7B}.Debug|Any CPU.ActiveCfg = Debug|Any CPU
		{992C5655-5405-378E-0B07-C7705713FA7B}.Debug|Any CPU.Build.0 = Debug|Any CPU
		{992C5655-5405-378E-0B07-C7705713FA7B}.Release|Any CPU.ActiveCfg = Release|Any CPU
		{992C5655-5405-378E-0B07-C7705713FA7B}.Release|Any CPU.Build.0 = Release|Any CPU
		{B1BDC8D3-3783-5453-E5B6-D62AAE767CDB}.Debug|Any CPU.ActiveCfg = Debug|Any CPU
		{B1BDC8D3-3783-5453-E5B6-D62AAE767CDB}.Debug|Any CPU.Build.0 = Debug|Any CPU
		{B1BDC8D3-3783-5453-E5B6-D62AAE767CDB}.Release|Any CPU.ActiveCfg = Release|Any CPU
		{B1BDC8D3-3783-5453-E5B6-D62AAE767CDB}.Release|Any CPU.Build.0 = Release|Any CPU
		{6AC760B5-43CE-5B94-2F7C-62AAB7C75DD0}.Debug|Any CPU.ActiveCfg = Debug|Any CPU
		{6AC760B5-43CE-5B94-2F7C-62AAB7C75DD0}.Debug|Any CPU.Build.0 = Debug|Any CPU
		{6AC760B5-43CE-5B94-2F7C-62AAB7C75DD0}.Release|Any CPU.ActiveCfg = Release|Any CPU
		{6AC760B5-43CE-5B94-2F7C-62AAB7C75DD0}.Release|Any CPU.Build.0 = Release|Any CPU
		{6771093E-8CB8-2AF6-6861-8F4E542CD58D}.Debug|Any CPU.ActiveCfg = Debug|Any CPU
		{6771093E-8CB8-2AF6-6861-8F4E542CD58D}.Debug|Any CPU.Build.0 = Debug|Any CPU
		{6771093E-8CB8-2AF6-6861-8F4E542CD58D}.Release|Any CPU.ActiveCfg = Release|Any CPU
		{6771093E-8CB8-2AF6-6861-8F4E542CD58D}.Release|Any CPU.Build.0 = Release|Any CPU
		{5F0F2F94-D80C-2E82-04E2-2CD9B3F31788}.Debug|Any CPU.ActiveCfg = Debug|Any CPU
		{5F0F2F94-D80C-2E82-04E2-2CD9B3F31788}.Debug|Any CPU.Build.0 = Debug|Any CPU
		{5F0F2F94-D80C-2E82-04E2-2CD9B3F31788}.Release|Any CPU.ActiveCfg = Release|Any CPU
		{5F0F2F94-D80C-2E82-04E2-2CD9B3F31788}.Release|Any CPU.Build.0 = Release|Any CPU
		{9DDD26F2-61F8-7BF4-1AEF-20618BB67250}.Debug|Any CPU.ActiveCfg = Debug|Any CPU
		{9DDD26F2-61F8-7BF4-1AEF-20618BB67250}.Debug|Any CPU.Build.0 = Debug|Any CPU
		{9DDD26F2-61F8-7BF4-1AEF-20618BB67250}.Release|Any CPU.ActiveCfg = Release|Any CPU
		{9DDD26F2-61F8-7BF4-1AEF-20618BB67250}.Release|Any CPU.Build.0 = Release|Any CPU
		{74C26492-26A9-CA9E-7573-99BE2B614E58}.Debug|Any CPU.ActiveCfg = Debug|Any CPU
		{74C26492-26A9-CA9E-7573-99BE2B614E58}.Debug|Any CPU.Build.0 = Debug|Any CPU
		{74C26492-26A9-CA9E-7573-99BE2B614E58}.Release|Any CPU.ActiveCfg = Release|Any CPU
		{74C26492-26A9-CA9E-7573-99BE2B614E58}.Release|Any CPU.Build.0 = Release|Any CPU
		{B2D5A1AB-1734-910B-BA71-59254209F2C0}.Debug|Any CPU.ActiveCfg = Debug|Any CPU
		{B2D5A1AB-1734-910B-BA71-59254209F2C0}.Debug|Any CPU.Build.0 = Debug|Any CPU
		{B2D5A1AB-1734-910B-BA71-59254209F2C0}.Release|Any CPU.ActiveCfg = Release|Any CPU
		{B2D5A1AB-1734-910B-BA71-59254209F2C0}.Release|Any CPU.Build.0 = Release|Any CPU
		{D06AE0B7-AC38-DB51-B996-45F5DB90CD07}.Debug|Any CPU.ActiveCfg = Debug|Any CPU
		{D06AE0B7-AC38-DB51-B996-45F5DB90CD07}.Debug|Any CPU.Build.0 = Debug|Any CPU
		{D06AE0B7-AC38-DB51-B996-45F5DB90CD07}.Release|Any CPU.ActiveCfg = Release|Any CPU
		{D06AE0B7-AC38-DB51-B996-45F5DB90CD07}.Release|Any CPU.Build.0 = Release|Any CPU
		{1CCF3D5E-1BE6-7CD4-9F8D-9A051F1A8D1F}.Debug|Any CPU.ActiveCfg = Debug|Any CPU
		{1CCF3D5E-1BE6-7CD4-9F8D-9A051F1A8D1F}.Debug|Any CPU.Build.0 = Debug|Any CPU
		{1CCF3D5E-1BE6-7CD4-9F8D-9A051F1A8D1F}.Release|Any CPU.ActiveCfg = Release|Any CPU
		{1CCF3D5E-1BE6-7CD4-9F8D-9A051F1A8D1F}.Release|Any CPU.Build.0 = Release|Any CPU
		{24D43E1A-4F86-7BA4-1FD4-94360506A39C}.Debug|Any CPU.ActiveCfg = Debug|Any CPU
		{24D43E1A-4F86-7BA4-1FD4-94360506A39C}.Debug|Any CPU.Build.0 = Debug|Any CPU
		{24D43E1A-4F86-7BA4-1FD4-94360506A39C}.Release|Any CPU.ActiveCfg = Release|Any CPU
		{24D43E1A-4F86-7BA4-1FD4-94360506A39C}.Release|Any CPU.Build.0 = Release|Any CPU
		{BDF0C21C-AC47-E6BC-D223-9C4F21F6AB5E}.Debug|Any CPU.ActiveCfg = Debug|Any CPU
		{BDF0C21C-AC47-E6BC-D223-9C4F21F6AB5E}.Debug|Any CPU.Build.0 = Debug|Any CPU
		{BDF0C21C-AC47-E6BC-D223-9C4F21F6AB5E}.Release|Any CPU.ActiveCfg = Release|Any CPU
		{BDF0C21C-AC47-E6BC-D223-9C4F21F6AB5E}.Release|Any CPU.Build.0 = Release|Any CPU
		{3DD7E154-7F55-B747-2163-59375CB6644A}.Debug|Any CPU.ActiveCfg = Debug|Any CPU
		{3DD7E154-7F55-B747-2163-59375CB6644A}.Debug|Any CPU.Build.0 = Debug|Any CPU
		{3DD7E154-7F55-B747-2163-59375CB6644A}.Release|Any CPU.ActiveCfg = Release|Any CPU
		{3DD7E154-7F55-B747-2163-59375CB6644A}.Release|Any CPU.Build.0 = Release|Any CPU
		{1B22036F-5999-4D25-3151-C43379BFFC70}.Debug|Any CPU.ActiveCfg = Debug|Any CPU
		{1B22036F-5999-4D25-3151-C43379BFFC70}.Debug|Any CPU.Build.0 = Debug|Any CPU
		{1B22036F-5999-4D25-3151-C43379BFFC70}.Release|Any CPU.ActiveCfg = Release|Any CPU
		{1B22036F-5999-4D25-3151-C43379BFFC70}.Release|Any CPU.Build.0 = Release|Any CPU
		{E821AB3A-1873-BC01-EABD-067762767D50}.Debug|Any CPU.ActiveCfg = Debug|Any CPU
		{E821AB3A-1873-BC01-EABD-067762767D50}.Debug|Any CPU.Build.0 = Debug|Any CPU
		{E821AB3A-1873-BC01-EABD-067762767D50}.Release|Any CPU.ActiveCfg = Release|Any CPU
		{E821AB3A-1873-BC01-EABD-067762767D50}.Release|Any CPU.Build.0 = Release|Any CPU
		{1ECC2075-6CAB-ADAD-BCC7-9C39CB13C25E}.Debug|Any CPU.ActiveCfg = Debug|Any CPU
		{1ECC2075-6CAB-ADAD-BCC7-9C39CB13C25E}.Debug|Any CPU.Build.0 = Debug|Any CPU
		{1ECC2075-6CAB-ADAD-BCC7-9C39CB13C25E}.Release|Any CPU.ActiveCfg = Release|Any CPU
		{1ECC2075-6CAB-ADAD-BCC7-9C39CB13C25E}.Release|Any CPU.Build.0 = Release|Any CPU
		{DD51318F-07F5-1769-64EE-434091E243BB}.Debug|Any CPU.ActiveCfg = Debug|Any CPU
		{DD51318F-07F5-1769-64EE-434091E243BB}.Debug|Any CPU.Build.0 = Debug|Any CPU
		{DD51318F-07F5-1769-64EE-434091E243BB}.Release|Any CPU.ActiveCfg = Release|Any CPU
		{DD51318F-07F5-1769-64EE-434091E243BB}.Release|Any CPU.Build.0 = Release|Any CPU
		{C94EB205-5060-D198-166D-3DBBC914C9FD}.Debug|Any CPU.ActiveCfg = Debug|Any CPU
		{C94EB205-5060-D198-166D-3DBBC914C9FD}.Debug|Any CPU.Build.0 = Debug|Any CPU
		{C94EB205-5060-D198-166D-3DBBC914C9FD}.Release|Any CPU.ActiveCfg = Release|Any CPU
		{C94EB205-5060-D198-166D-3DBBC914C9FD}.Release|Any CPU.Build.0 = Release|Any CPU
		{59317A9D-F704-4091-B212-8174FBA4EE08}.Debug|Any CPU.ActiveCfg = Debug|Any CPU
		{59317A9D-F704-4091-B212-8174FBA4EE08}.Debug|Any CPU.Build.0 = Debug|Any CPU
		{59317A9D-F704-4091-B212-8174FBA4EE08}.Release|Any CPU.ActiveCfg = Release|Any CPU
		{59317A9D-F704-4091-B212-8174FBA4EE08}.Release|Any CPU.Build.0 = Release|Any CPU
		{054B7BF3-F9DD-7D67-8EA5-533148DCE9B8}.Debug|Any CPU.ActiveCfg = Debug|Any CPU
		{054B7BF3-F9DD-7D67-8EA5-533148DCE9B8}.Debug|Any CPU.Build.0 = Debug|Any CPU
		{054B7BF3-F9DD-7D67-8EA5-533148DCE9B8}.Release|Any CPU.ActiveCfg = Release|Any CPU
		{054B7BF3-F9DD-7D67-8EA5-533148DCE9B8}.Release|Any CPU.Build.0 = Release|Any CPU
		{B4E3E9C5-D335-3017-57FB-CD64B4BC6FC8}.Debug|Any CPU.ActiveCfg = Debug|Any CPU
		{B4E3E9C5-D335-3017-57FB-CD64B4BC6FC8}.Debug|Any CPU.Build.0 = Debug|Any CPU
		{B4E3E9C5-D335-3017-57FB-CD64B4BC6FC8}.Release|Any CPU.ActiveCfg = Release|Any CPU
		{B4E3E9C5-D335-3017-57FB-CD64B4BC6FC8}.Release|Any CPU.Build.0 = Release|Any CPU
		{9ABBB3D8-1EFE-9CE8-656E-0124E21F3A9D}.Debug|Any CPU.ActiveCfg = Debug|Any CPU
		{9ABBB3D8-1EFE-9CE8-656E-0124E21F3A9D}.Debug|Any CPU.Build.0 = Debug|Any CPU
		{9ABBB3D8-1EFE-9CE8-656E-0124E21F3A9D}.Release|Any CPU.ActiveCfg = Release|Any CPU
		{9ABBB3D8-1EFE-9CE8-656E-0124E21F3A9D}.Release|Any CPU.Build.0 = Release|Any CPU
		{259F8863-1D57-943C-7FDD-3818F3016B0E}.Debug|Any CPU.ActiveCfg = Debug|Any CPU
		{259F8863-1D57-943C-7FDD-3818F3016B0E}.Debug|Any CPU.Build.0 = Debug|Any CPU
		{259F8863-1D57-943C-7FDD-3818F3016B0E}.Release|Any CPU.ActiveCfg = Release|Any CPU
		{259F8863-1D57-943C-7FDD-3818F3016B0E}.Release|Any CPU.Build.0 = Release|Any CPU
		{12DEA937-7FA1-E39A-D94E-EB7BBE6424FC}.Debug|Any CPU.ActiveCfg = Debug|Any CPU
		{12DEA937-7FA1-E39A-D94E-EB7BBE6424FC}.Debug|Any CPU.Build.0 = Debug|Any CPU
		{12DEA937-7FA1-E39A-D94E-EB7BBE6424FC}.Release|Any CPU.ActiveCfg = Release|Any CPU
		{12DEA937-7FA1-E39A-D94E-EB7BBE6424FC}.Release|Any CPU.Build.0 = Release|Any CPU
		{3013DFBF-81CC-9619-0CB1-FCDAD0443509}.Debug|Any CPU.ActiveCfg = Debug|Any CPU
		{3013DFBF-81CC-9619-0CB1-FCDAD0443509}.Debug|Any CPU.Build.0 = Debug|Any CPU
		{3013DFBF-81CC-9619-0CB1-FCDAD0443509}.Release|Any CPU.ActiveCfg = Release|Any CPU
		{3013DFBF-81CC-9619-0CB1-FCDAD0443509}.Release|Any CPU.Build.0 = Release|Any CPU
		{21AE3206-BCE4-EBC7-2B32-B216AA80639A}.Debug|Any CPU.ActiveCfg = Debug|Any CPU
		{21AE3206-BCE4-EBC7-2B32-B216AA80639A}.Debug|Any CPU.Build.0 = Debug|Any CPU
		{21AE3206-BCE4-EBC7-2B32-B216AA80639A}.Release|Any CPU.ActiveCfg = Release|Any CPU
		{21AE3206-BCE4-EBC7-2B32-B216AA80639A}.Release|Any CPU.Build.0 = Release|Any CPU
		{1F8905F5-FB11-547E-5AEC-9928E8668F81}.Debug|Any CPU.ActiveCfg = Debug|Any CPU
		{1F8905F5-FB11-547E-5AEC-9928E8668F81}.Debug|Any CPU.Build.0 = Debug|Any CPU
		{1F8905F5-FB11-547E-5AEC-9928E8668F81}.Release|Any CPU.ActiveCfg = Release|Any CPU
		{1F8905F5-FB11-547E-5AEC-9928E8668F81}.Release|Any CPU.Build.0 = Release|Any CPU
		{31880F9B-9B6B-AD36-F6DC-31C3C2FABA2E}.Debug|Any CPU.ActiveCfg = Debug|Any CPU
		{31880F9B-9B6B-AD36-F6DC-31C3C2FABA2E}.Debug|Any CPU.Build.0 = Debug|Any CPU
		{31880F9B-9B6B-AD36-F6DC-31C3C2FABA2E}.Release|Any CPU.ActiveCfg = Release|Any CPU
		{31880F9B-9B6B-AD36-F6DC-31C3C2FABA2E}.Release|Any CPU.Build.0 = Release|Any CPU
		{B9046F97-7A3F-6150-EADA-A2BF21DEADCE}.Debug|Any CPU.ActiveCfg = Debug|Any CPU
		{B9046F97-7A3F-6150-EADA-A2BF21DEADCE}.Debug|Any CPU.Build.0 = Debug|Any CPU
		{B9046F97-7A3F-6150-EADA-A2BF21DEADCE}.Release|Any CPU.ActiveCfg = Release|Any CPU
		{B9046F97-7A3F-6150-EADA-A2BF21DEADCE}.Release|Any CPU.Build.0 = Release|Any CPU
		{C7DCB677-1EB0-875E-D4CE-8B513094D959}.Debug|Any CPU.ActiveCfg = Debug|Any CPU
		{C7DCB677-1EB0-875E-D4CE-8B513094D959}.Debug|Any CPU.Build.0 = Debug|Any CPU
		{C7DCB677-1EB0-875E-D4CE-8B513094D959}.Release|Any CPU.ActiveCfg = Release|Any CPU
		{C7DCB677-1EB0-875E-D4CE-8B513094D959}.Release|Any CPU.Build.0 = Release|Any CPU
		{DC831229-26F1-4E27-8479-76D13FB21BAF}.Debug|Any CPU.ActiveCfg = Debug|Any CPU
		{DC831229-26F1-4E27-8479-76D13FB21BAF}.Debug|Any CPU.Build.0 = Debug|Any CPU
		{DC831229-26F1-4E27-8479-76D13FB21BAF}.Release|Any CPU.ActiveCfg = Release|Any CPU
		{DC831229-26F1-4E27-8479-76D13FB21BAF}.Release|Any CPU.Build.0 = Release|Any CPU
		{5E47CAD6-D72B-495A-CF58-1CF57F007E6A}.Debug|Any CPU.ActiveCfg = Debug|Any CPU
		{5E47CAD6-D72B-495A-CF58-1CF57F007E6A}.Debug|Any CPU.Build.0 = Debug|Any CPU
		{5E47CAD6-D72B-495A-CF58-1CF57F007E6A}.Release|Any CPU.ActiveCfg = Release|Any CPU
		{5E47CAD6-D72B-495A-CF58-1CF57F007E6A}.Release|Any CPU.Build.0 = Release|Any CPU
		{8A89430E-B38B-E662-D26A-5638A54DFE4D}.Debug|Any CPU.ActiveCfg = Debug|Any CPU
		{8A89430E-B38B-E662-D26A-5638A54DFE4D}.Debug|Any CPU.Build.0 = Debug|Any CPU
		{8A89430E-B38B-E662-D26A-5638A54DFE4D}.Release|Any CPU.ActiveCfg = Release|Any CPU
		{8A89430E-B38B-E662-D26A-5638A54DFE4D}.Release|Any CPU.Build.0 = Release|Any CPU
		{EBDCE2C2-FECD-E00E-1A66-4FA81FBBCA1C}.Debug|Any CPU.ActiveCfg = Debug|Any CPU
		{EBDCE2C2-FECD-E00E-1A66-4FA81FBBCA1C}.Debug|Any CPU.Build.0 = Debug|Any CPU
		{EBDCE2C2-FECD-E00E-1A66-4FA81FBBCA1C}.Release|Any CPU.ActiveCfg = Release|Any CPU
		{EBDCE2C2-FECD-E00E-1A66-4FA81FBBCA1C}.Release|Any CPU.Build.0 = Release|Any CPU
		{AA20D6E0-1BB7-05E2-5CDD-C7B56B16EAC9}.Debug|Any CPU.ActiveCfg = Debug|Any CPU
		{AA20D6E0-1BB7-05E2-5CDD-C7B56B16EAC9}.Debug|Any CPU.Build.0 = Debug|Any CPU
		{AA20D6E0-1BB7-05E2-5CDD-C7B56B16EAC9}.Release|Any CPU.ActiveCfg = Release|Any CPU
		{AA20D6E0-1BB7-05E2-5CDD-C7B56B16EAC9}.Release|Any CPU.Build.0 = Release|Any CPU
		{46AB4B1A-F509-6B03-E45C-D693B17E6647}.Debug|Any CPU.ActiveCfg = Debug|Any CPU
		{46AB4B1A-F509-6B03-E45C-D693B17E6647}.Debug|Any CPU.Build.0 = Debug|Any CPU
		{46AB4B1A-F509-6B03-E45C-D693B17E6647}.Release|Any CPU.ActiveCfg = Release|Any CPU
		{46AB4B1A-F509-6B03-E45C-D693B17E6647}.Release|Any CPU.Build.0 = Release|Any CPU
		{EDFB1B37-7AE6-35D9-456B-14248554BA96}.Debug|Any CPU.ActiveCfg = Debug|Any CPU
		{EDFB1B37-7AE6-35D9-456B-14248554BA96}.Debug|Any CPU.Build.0 = Debug|Any CPU
		{EDFB1B37-7AE6-35D9-456B-14248554BA96}.Release|Any CPU.ActiveCfg = Release|Any CPU
		{EDFB1B37-7AE6-35D9-456B-14248554BA96}.Release|Any CPU.Build.0 = Release|Any CPU
		{A2507A40-DC74-6E97-4AA4-3A10781AC840}.Debug|Any CPU.ActiveCfg = Debug|Any CPU
		{A2507A40-DC74-6E97-4AA4-3A10781AC840}.Debug|Any CPU.Build.0 = Debug|Any CPU
		{A2507A40-DC74-6E97-4AA4-3A10781AC840}.Release|Any CPU.ActiveCfg = Release|Any CPU
		{A2507A40-DC74-6E97-4AA4-3A10781AC840}.Release|Any CPU.Build.0 = Release|Any CPU
		{6B718337-5F03-0C28-4E67-492C09835743}.Debug|Any CPU.ActiveCfg = Debug|Any CPU
		{6B718337-5F03-0C28-4E67-492C09835743}.Debug|Any CPU.Build.0 = Debug|Any CPU
		{6B718337-5F03-0C28-4E67-492C09835743}.Release|Any CPU.ActiveCfg = Release|Any CPU
		{6B718337-5F03-0C28-4E67-492C09835743}.Release|Any CPU.Build.0 = Release|Any CPU
		{16DFA40A-EA74-7EB8-74E2-086D122784F7}.Debug|Any CPU.ActiveCfg = Debug|Any CPU
		{16DFA40A-EA74-7EB8-74E2-086D122784F7}.Debug|Any CPU.Build.0 = Debug|Any CPU
		{16DFA40A-EA74-7EB8-74E2-086D122784F7}.Release|Any CPU.ActiveCfg = Release|Any CPU
		{16DFA40A-EA74-7EB8-74E2-086D122784F7}.Release|Any CPU.Build.0 = Release|Any CPU
		{A40C5C61-9CC1-B91C-4F6A-0FE2F99BA1A0}.Debug|Any CPU.ActiveCfg = Debug|Any CPU
		{A40C5C61-9CC1-B91C-4F6A-0FE2F99BA1A0}.Debug|Any CPU.Build.0 = Debug|Any CPU
		{A40C5C61-9CC1-B91C-4F6A-0FE2F99BA1A0}.Release|Any CPU.ActiveCfg = Release|Any CPU
		{A40C5C61-9CC1-B91C-4F6A-0FE2F99BA1A0}.Release|Any CPU.Build.0 = Release|Any CPU
		{ACC72DF0-9D4D-D821-D480-78C2835F444D}.Debug|Any CPU.ActiveCfg = Debug|Any CPU
		{ACC72DF0-9D4D-D821-D480-78C2835F444D}.Debug|Any CPU.Build.0 = Debug|Any CPU
		{ACC72DF0-9D4D-D821-D480-78C2835F444D}.Release|Any CPU.ActiveCfg = Release|Any CPU
		{ACC72DF0-9D4D-D821-D480-78C2835F444D}.Release|Any CPU.Build.0 = Release|Any CPU
		{5BCF0175-2B3C-6952-B67A-9C0846A4985A}.Debug|Any CPU.ActiveCfg = Debug|Any CPU
		{5BCF0175-2B3C-6952-B67A-9C0846A4985A}.Debug|Any CPU.Build.0 = Debug|Any CPU
		{5BCF0175-2B3C-6952-B67A-9C0846A4985A}.Release|Any CPU.ActiveCfg = Release|Any CPU
		{5BCF0175-2B3C-6952-B67A-9C0846A4985A}.Release|Any CPU.Build.0 = Release|Any CPU
		{9655F779-DA35-1018-30CE-11315EFF04BF}.Debug|Any CPU.ActiveCfg = Debug|Any CPU
		{9655F779-DA35-1018-30CE-11315EFF04BF}.Debug|Any CPU.Build.0 = Debug|Any CPU
		{9655F779-DA35-1018-30CE-11315EFF04BF}.Release|Any CPU.ActiveCfg = Release|Any CPU
		{9655F779-DA35-1018-30CE-11315EFF04BF}.Release|Any CPU.Build.0 = Release|Any CPU
		{77181D06-A168-AFD2-8336-C13AB35349C6}.Debug|Any CPU.ActiveCfg = Debug|Any CPU
		{77181D06-A168-AFD2-8336-C13AB35349C6}.Debug|Any CPU.Build.0 = Debug|Any CPU
		{77181D06-A168-AFD2-8336-C13AB35349C6}.Release|Any CPU.ActiveCfg = Release|Any CPU
		{77181D06-A168-AFD2-8336-C13AB35349C6}.Release|Any CPU.Build.0 = Release|Any CPU
		{40D3680F-476C-3D76-16B0-ED0DB4EC00F1}.Debug|Any CPU.ActiveCfg = Debug|Any CPU
		{40D3680F-476C-3D76-16B0-ED0DB4EC00F1}.Debug|Any CPU.Build.0 = Debug|Any CPU
		{40D3680F-476C-3D76-16B0-ED0DB4EC00F1}.Release|Any CPU.ActiveCfg = Release|Any CPU
		{40D3680F-476C-3D76-16B0-ED0DB4EC00F1}.Release|Any CPU.Build.0 = Release|Any CPU
		{11248A9F-9233-B0FD-BE12-76F1814261E8}.Debug|Any CPU.ActiveCfg = Debug|Any CPU
		{11248A9F-9233-B0FD-BE12-76F1814261E8}.Debug|Any CPU.Build.0 = Debug|Any CPU
		{11248A9F-9233-B0FD-BE12-76F1814261E8}.Release|Any CPU.ActiveCfg = Release|Any CPU
		{11248A9F-9233-B0FD-BE12-76F1814261E8}.Release|Any CPU.Build.0 = Release|Any CPU
		{EF5372A5-FE66-87E1-72F1-BD87F7ACA095}.Debug|Any CPU.ActiveCfg = Debug|Any CPU
		{EF5372A5-FE66-87E1-72F1-BD87F7ACA095}.Debug|Any CPU.Build.0 = Debug|Any CPU
		{EF5372A5-FE66-87E1-72F1-BD87F7ACA095}.Release|Any CPU.ActiveCfg = Release|Any CPU
		{EF5372A5-FE66-87E1-72F1-BD87F7ACA095}.Release|Any CPU.Build.0 = Release|Any CPU
		{E7D92809-0BB0-7376-D079-2BF00A38D74B}.Debug|Any CPU.ActiveCfg = Debug|Any CPU
		{E7D92809-0BB0-7376-D079-2BF00A38D74B}.Debug|Any CPU.Build.0 = Debug|Any CPU
		{E7D92809-0BB0-7376-D079-2BF00A38D74B}.Release|Any CPU.ActiveCfg = Release|Any CPU
		{E7D92809-0BB0-7376-D079-2BF00A38D74B}.Release|Any CPU.Build.0 = Release|Any CPU
		{34C0B1A0-50C8-2C50-BDC0-6B773DEB236F}.Debug|Any CPU.ActiveCfg = Debug|Any CPU
		{34C0B1A0-50C8-2C50-BDC0-6B773DEB236F}.Debug|Any CPU.Build.0 = Debug|Any CPU
		{34C0B1A0-50C8-2C50-BDC0-6B773DEB236F}.Release|Any CPU.ActiveCfg = Release|Any CPU
		{34C0B1A0-50C8-2C50-BDC0-6B773DEB236F}.Release|Any CPU.Build.0 = Release|Any CPU
		{AC8F2CAA-E481-9E13-1B30-D5E46446DF98}.Debug|Any CPU.ActiveCfg = Debug|Any CPU
		{AC8F2CAA-E481-9E13-1B30-D5E46446DF98}.Debug|Any CPU.Build.0 = Debug|Any CPU
		{AC8F2CAA-E481-9E13-1B30-D5E46446DF98}.Release|Any CPU.ActiveCfg = Release|Any CPU
		{AC8F2CAA-E481-9E13-1B30-D5E46446DF98}.Release|Any CPU.Build.0 = Release|Any CPU
		{5A7433F0-18A3-2F22-61D9-A5FE7A80E12C}.Debug|Any CPU.ActiveCfg = Debug|Any CPU
		{5A7433F0-18A3-2F22-61D9-A5FE7A80E12C}.Debug|Any CPU.Build.0 = Debug|Any CPU
		{5A7433F0-18A3-2F22-61D9-A5FE7A80E12C}.Release|Any CPU.ActiveCfg = Release|Any CPU
		{5A7433F0-18A3-2F22-61D9-A5FE7A80E12C}.Release|Any CPU.Build.0 = Release|Any CPU
		{3CD499E8-0AD5-BD4E-715C-EFF04110CF53}.Debug|Any CPU.ActiveCfg = Debug|Any CPU
		{3CD499E8-0AD5-BD4E-715C-EFF04110CF53}.Debug|Any CPU.Build.0 = Debug|Any CPU
		{3CD499E8-0AD5-BD4E-715C-EFF04110CF53}.Release|Any CPU.ActiveCfg = Release|Any CPU
		{3CD499E8-0AD5-BD4E-715C-EFF04110CF53}.Release|Any CPU.Build.0 = Release|Any CPU
		{CBB1D99C-D386-BA01-0B27-2E045798B65A}.Debug|Any CPU.ActiveCfg = Debug|Any CPU
		{CBB1D99C-D386-BA01-0B27-2E045798B65A}.Debug|Any CPU.Build.0 = Debug|Any CPU
		{CBB1D99C-D386-BA01-0B27-2E045798B65A}.Release|Any CPU.ActiveCfg = Release|Any CPU
		{CBB1D99C-D386-BA01-0B27-2E045798B65A}.Release|Any CPU.Build.0 = Release|Any CPU
		{E6316BCF-B300-9778-895C-088601DD6CCA}.Debug|Any CPU.ActiveCfg = Debug|Any CPU
		{E6316BCF-B300-9778-895C-088601DD6CCA}.Debug|Any CPU.Build.0 = Debug|Any CPU
		{E6316BCF-B300-9778-895C-088601DD6CCA}.Release|Any CPU.ActiveCfg = Release|Any CPU
		{E6316BCF-B300-9778-895C-088601DD6CCA}.Release|Any CPU.Build.0 = Release|Any CPU
		{19A850B5-6901-024D-F96F-8AC1F4D8253F}.Debug|Any CPU.ActiveCfg = Debug|Any CPU
		{19A850B5-6901-024D-F96F-8AC1F4D8253F}.Debug|Any CPU.Build.0 = Debug|Any CPU
		{19A850B5-6901-024D-F96F-8AC1F4D8253F}.Release|Any CPU.ActiveCfg = Release|Any CPU
		{19A850B5-6901-024D-F96F-8AC1F4D8253F}.Release|Any CPU.Build.0 = Release|Any CPU
		{D36C601F-F325-8531-522C-64807046A9E2}.Debug|Any CPU.ActiveCfg = Debug|Any CPU
		{D36C601F-F325-8531-522C-64807046A9E2}.Debug|Any CPU.Build.0 = Debug|Any CPU
		{D36C601F-F325-8531-522C-64807046A9E2}.Release|Any CPU.ActiveCfg = Release|Any CPU
		{D36C601F-F325-8531-522C-64807046A9E2}.Release|Any CPU.Build.0 = Release|Any CPU
		{44C31CC8-3C62-54D8-5F63-F9F30D76343B}.Debug|Any CPU.ActiveCfg = Debug|Any CPU
		{44C31CC8-3C62-54D8-5F63-F9F30D76343B}.Debug|Any CPU.Build.0 = Debug|Any CPU
		{44C31CC8-3C62-54D8-5F63-F9F30D76343B}.Release|Any CPU.ActiveCfg = Release|Any CPU
		{44C31CC8-3C62-54D8-5F63-F9F30D76343B}.Release|Any CPU.Build.0 = Release|Any CPU
		{9C25ACB6-B28E-0703-A65E-9B8F38F3035C}.Debug|Any CPU.ActiveCfg = Debug|Any CPU
		{9C25ACB6-B28E-0703-A65E-9B8F38F3035C}.Debug|Any CPU.Build.0 = Debug|Any CPU
		{9C25ACB6-B28E-0703-A65E-9B8F38F3035C}.Release|Any CPU.ActiveCfg = Release|Any CPU
		{9C25ACB6-B28E-0703-A65E-9B8F38F3035C}.Release|Any CPU.Build.0 = Release|Any CPU
		{2E087FDF-4B75-65EC-60D6-7BCB860DB646}.Debug|Any CPU.ActiveCfg = Debug|Any CPU
		{2E087FDF-4B75-65EC-60D6-7BCB860DB646}.Debug|Any CPU.Build.0 = Debug|Any CPU
		{2E087FDF-4B75-65EC-60D6-7BCB860DB646}.Release|Any CPU.ActiveCfg = Release|Any CPU
		{2E087FDF-4B75-65EC-60D6-7BCB860DB646}.Release|Any CPU.Build.0 = Release|Any CPU
		{B5962F39-6D2C-7433-D084-43AF467C8D6E}.Debug|Any CPU.ActiveCfg = Debug|Any CPU
		{B5962F39-6D2C-7433-D084-43AF467C8D6E}.Debug|Any CPU.Build.0 = Debug|Any CPU
		{B5962F39-6D2C-7433-D084-43AF467C8D6E}.Release|Any CPU.ActiveCfg = Release|Any CPU
		{B5962F39-6D2C-7433-D084-43AF467C8D6E}.Release|Any CPU.Build.0 = Release|Any CPU
		{06FCBAE1-C45A-9B39-8988-A4882ADE74B0}.Debug|Any CPU.ActiveCfg = Debug|Any CPU
		{06FCBAE1-C45A-9B39-8988-A4882ADE74B0}.Debug|Any CPU.Build.0 = Debug|Any CPU
		{06FCBAE1-C45A-9B39-8988-A4882ADE74B0}.Release|Any CPU.ActiveCfg = Release|Any CPU
		{06FCBAE1-C45A-9B39-8988-A4882ADE74B0}.Release|Any CPU.Build.0 = Release|Any CPU
		{AAA2A43F-2D9C-891A-1573-82E3C8E8B117}.Debug|Any CPU.ActiveCfg = Debug|Any CPU
		{AAA2A43F-2D9C-891A-1573-82E3C8E8B117}.Debug|Any CPU.Build.0 = Debug|Any CPU
		{AAA2A43F-2D9C-891A-1573-82E3C8E8B117}.Release|Any CPU.ActiveCfg = Release|Any CPU
		{AAA2A43F-2D9C-891A-1573-82E3C8E8B117}.Release|Any CPU.Build.0 = Release|Any CPU
		{FEC877B4-2186-C033-F668-081C959D5F7F}.Debug|Any CPU.ActiveCfg = Debug|Any CPU
		{FEC877B4-2186-C033-F668-081C959D5F7F}.Debug|Any CPU.Build.0 = Debug|Any CPU
		{FEC877B4-2186-C033-F668-081C959D5F7F}.Release|Any CPU.ActiveCfg = Release|Any CPU
		{FEC877B4-2186-C033-F668-081C959D5F7F}.Release|Any CPU.Build.0 = Release|Any CPU
		{871E17B6-409C-5731-26CC-689EF15C4E68}.Debug|Any CPU.ActiveCfg = Debug|Any CPU
		{871E17B6-409C-5731-26CC-689EF15C4E68}.Debug|Any CPU.Build.0 = Debug|Any CPU
		{871E17B6-409C-5731-26CC-689EF15C4E68}.Release|Any CPU.ActiveCfg = Release|Any CPU
		{871E17B6-409C-5731-26CC-689EF15C4E68}.Release|Any CPU.Build.0 = Release|Any CPU
		{B33D3568-A4B1-DDA8-F913-D5223EE38652}.Debug|Any CPU.ActiveCfg = Debug|Any CPU
		{B33D3568-A4B1-DDA8-F913-D5223EE38652}.Debug|Any CPU.Build.0 = Debug|Any CPU
		{B33D3568-A4B1-DDA8-F913-D5223EE38652}.Release|Any CPU.ActiveCfg = Release|Any CPU
		{B33D3568-A4B1-DDA8-F913-D5223EE38652}.Release|Any CPU.Build.0 = Release|Any CPU
		{E7092C88-F563-4C43-DDE2-F9EB58789DC3}.Debug|Any CPU.ActiveCfg = Debug|Any CPU
		{E7092C88-F563-4C43-DDE2-F9EB58789DC3}.Debug|Any CPU.Build.0 = Debug|Any CPU
		{E7092C88-F563-4C43-DDE2-F9EB58789DC3}.Release|Any CPU.ActiveCfg = Release|Any CPU
		{E7092C88-F563-4C43-DDE2-F9EB58789DC3}.Release|Any CPU.Build.0 = Release|Any CPU
		{B4758273-5381-1EF2-A27D-E4E9D5DDC189}.Debug|Any CPU.ActiveCfg = Debug|Any CPU
		{B4758273-5381-1EF2-A27D-E4E9D5DDC189}.Debug|Any CPU.Build.0 = Debug|Any CPU
		{B4758273-5381-1EF2-A27D-E4E9D5DDC189}.Release|Any CPU.ActiveCfg = Release|Any CPU
		{B4758273-5381-1EF2-A27D-E4E9D5DDC189}.Release|Any CPU.Build.0 = Release|Any CPU
		{6B128077-2650-C6E1-ED0D-1607AEE200A5}.Debug|Any CPU.ActiveCfg = Debug|Any CPU
		{6B128077-2650-C6E1-ED0D-1607AEE200A5}.Debug|Any CPU.Build.0 = Debug|Any CPU
		{6B128077-2650-C6E1-ED0D-1607AEE200A5}.Release|Any CPU.ActiveCfg = Release|Any CPU
		{6B128077-2650-C6E1-ED0D-1607AEE200A5}.Release|Any CPU.Build.0 = Release|Any CPU
		{EF7371FB-39D2-4BEB-25BB-17B89AF3BA9D}.Debug|Any CPU.ActiveCfg = Debug|Any CPU
		{EF7371FB-39D2-4BEB-25BB-17B89AF3BA9D}.Debug|Any CPU.Build.0 = Debug|Any CPU
		{EF7371FB-39D2-4BEB-25BB-17B89AF3BA9D}.Release|Any CPU.ActiveCfg = Release|Any CPU
		{EF7371FB-39D2-4BEB-25BB-17B89AF3BA9D}.Release|Any CPU.Build.0 = Release|Any CPU
		{37F8B426-8B36-1796-8C17-DFD6E87C6F27}.Debug|Any CPU.ActiveCfg = Debug|Any CPU
		{37F8B426-8B36-1796-8C17-DFD6E87C6F27}.Debug|Any CPU.Build.0 = Debug|Any CPU
		{37F8B426-8B36-1796-8C17-DFD6E87C6F27}.Release|Any CPU.ActiveCfg = Release|Any CPU
		{37F8B426-8B36-1796-8C17-DFD6E87C6F27}.Release|Any CPU.Build.0 = Release|Any CPU
		{8EBFF121-E0E9-A257-5BEC-DF7827C2D53A}.Debug|Any CPU.ActiveCfg = Debug|Any CPU
		{8EBFF121-E0E9-A257-5BEC-DF7827C2D53A}.Debug|Any CPU.Build.0 = Debug|Any CPU
		{8EBFF121-E0E9-A257-5BEC-DF7827C2D53A}.Release|Any CPU.ActiveCfg = Release|Any CPU
		{8EBFF121-E0E9-A257-5BEC-DF7827C2D53A}.Release|Any CPU.Build.0 = Release|Any CPU
		{EFA66BFD-220E-3559-7B25-B3B7F4F97D62}.Debug|Any CPU.ActiveCfg = Debug|Any CPU
		{EFA66BFD-220E-3559-7B25-B3B7F4F97D62}.Debug|Any CPU.Build.0 = Debug|Any CPU
		{EFA66BFD-220E-3559-7B25-B3B7F4F97D62}.Release|Any CPU.ActiveCfg = Release|Any CPU
		{EFA66BFD-220E-3559-7B25-B3B7F4F97D62}.Release|Any CPU.Build.0 = Release|Any CPU
		{879FDBD5-7FEA-25C2-8768-92B393C8B4A5}.Debug|Any CPU.ActiveCfg = Debug|Any CPU
		{879FDBD5-7FEA-25C2-8768-92B393C8B4A5}.Debug|Any CPU.Build.0 = Debug|Any CPU
		{879FDBD5-7FEA-25C2-8768-92B393C8B4A5}.Release|Any CPU.ActiveCfg = Release|Any CPU
		{879FDBD5-7FEA-25C2-8768-92B393C8B4A5}.Release|Any CPU.Build.0 = Release|Any CPU
		{BD12DF78-4066-A8F7-EDA8-3843919B3AFC}.Debug|Any CPU.ActiveCfg = Debug|Any CPU
		{BD12DF78-4066-A8F7-EDA8-3843919B3AFC}.Debug|Any CPU.Build.0 = Debug|Any CPU
		{BD12DF78-4066-A8F7-EDA8-3843919B3AFC}.Release|Any CPU.ActiveCfg = Release|Any CPU
		{BD12DF78-4066-A8F7-EDA8-3843919B3AFC}.Release|Any CPU.Build.0 = Release|Any CPU
	EndGlobalSection
	GlobalSection(SolutionProperties) = preSolution
		HideSolutionNode = FALSE
	EndGlobalSection
EndGlobal
